// !$*UTF8*$!
{
	archiveVersion = 1;
	classes = {
	};
	objectVersion = 52;
	objects = {

/* Begin PBXBuildFile section */
		AD01B64A28667708007559F7 /* FirebaseFirestore in Frameworks */ = {isa = PBXBuildFile; productRef = AD01B64928667708007559F7 /* FirebaseFirestore */; };
		AD01B64C28667708007559F7 /* FirebaseDatabase in Frameworks */ = {isa = PBXBuildFile; productRef = AD01B64B28667708007559F7 /* FirebaseDatabase */; };
		AD01B64E28667708007559F7 /* FirebaseStorageCombine-Community in Frameworks */ = {isa = PBXBuildFile; productRef = AD01B64D28667708007559F7 /* FirebaseStorageCombine-Community */; };
		AD01B65028667708007559F7 /* FirebaseAnalytics in Frameworks */ = {isa = PBXBuildFile; productRef = AD01B64F28667708007559F7 /* FirebaseAnalytics */; };
		AD01B65228667708007559F7 /* FirebaseFirestoreSwift in Frameworks */ = {isa = PBXBuildFile; productRef = AD01B65128667708007559F7 /* FirebaseFirestoreSwift */; };
		AD01B65428667708007559F7 /* FirebaseDatabaseSwift in Frameworks */ = {isa = PBXBuildFile; productRef = AD01B65328667708007559F7 /* FirebaseDatabaseSwift */; };
		AD01B65628667708007559F7 /* FirebaseStorage in Frameworks */ = {isa = PBXBuildFile; productRef = AD01B65528667708007559F7 /* FirebaseStorage */; };
		AD01B65828667708007559F7 /* FirebaseAuth in Frameworks */ = {isa = PBXBuildFile; productRef = AD01B65728667708007559F7 /* FirebaseAuth */; };
		AD01B65A28667708007559F7 /* FirebaseFirestoreCombine-Community in Frameworks */ = {isa = PBXBuildFile; productRef = AD01B65928667708007559F7 /* FirebaseFirestoreCombine-Community */; };
		ADB1C5162837174C00AC8A74 /* LoginViewController.swift in Sources */ = {isa = PBXBuildFile; fileRef = ADB1C5152837174C00AC8A74 /* LoginViewController.swift */; };
		ADB1C5192837182F00AC8A74 /* HomeViewController.swift in Sources */ = {isa = PBXBuildFile; fileRef = ADB1C5182837182F00AC8A74 /* HomeViewController.swift */; };
		ADE7D150283595FD0093BB23 /* AppDelegate.swift in Sources */ = {isa = PBXBuildFile; fileRef = ADE7D14F283595FD0093BB23 /* AppDelegate.swift */; };
		ADE7D152283595FD0093BB23 /* SceneDelegate.swift in Sources */ = {isa = PBXBuildFile; fileRef = ADE7D151283595FD0093BB23 /* SceneDelegate.swift */; };
		ADE7D157283595FD0093BB23 /* Main.storyboard in Resources */ = {isa = PBXBuildFile; fileRef = ADE7D155283595FD0093BB23 /* Main.storyboard */; };
		ADE7D159283595FE0093BB23 /* Assets.xcassets in Resources */ = {isa = PBXBuildFile; fileRef = ADE7D158283595FE0093BB23 /* Assets.xcassets */; };
		ADE7D15C283595FE0093BB23 /* LaunchScreen.storyboard in Resources */ = {isa = PBXBuildFile; fileRef = ADE7D15A283595FE0093BB23 /* LaunchScreen.storyboard */; };
		C485680328656B5B00340AE2 /* GoogleService-Info.plist in Resources */ = {isa = PBXBuildFile; fileRef = C485680228656B5B00340AE2 /* GoogleService-Info.plist */; };
		C4A0405A28384BF40022925F /* RecoveryViewController.swift in Sources */ = {isa = PBXBuildFile; fileRef = C4A0405928384BF40022925F /* RecoveryViewController.swift */; };
		C4C79B582839E75C00CBBB2E /* RegistrarViewController.swift in Sources */ = {isa = PBXBuildFile; fileRef = C4C79B572839E75C00CBBB2E /* RegistrarViewController.swift */; };
		C4FF9F9B2866940B0060D55A /* GraciasRegViewController.swift in Sources */ = {isa = PBXBuildFile; fileRef = C4FF9F9A2866940B0060D55A /* GraciasRegViewController.swift */; };
/* End PBXBuildFile section */

/* Begin PBXFileReference section */
		ADB1C5152837174C00AC8A74 /* LoginViewController.swift */ = {isa = PBXFileReference; lastKnownFileType = sourcecode.swift; path = LoginViewController.swift; sourceTree = "<group>"; };
		ADB1C5182837182F00AC8A74 /* HomeViewController.swift */ = {isa = PBXFileReference; lastKnownFileType = sourcecode.swift; path = HomeViewController.swift; sourceTree = "<group>"; };
		ADE7D14C283595FD0093BB23 /* caraLibro.app */ = {isa = PBXFileReference; explicitFileType = wrapper.application; includeInIndex = 0; path = caraLibro.app; sourceTree = BUILT_PRODUCTS_DIR; };
		ADE7D14F283595FD0093BB23 /* AppDelegate.swift */ = {isa = PBXFileReference; lastKnownFileType = sourcecode.swift; path = AppDelegate.swift; sourceTree = "<group>"; };
		ADE7D151283595FD0093BB23 /* SceneDelegate.swift */ = {isa = PBXFileReference; lastKnownFileType = sourcecode.swift; path = SceneDelegate.swift; sourceTree = "<group>"; };
		ADE7D156283595FD0093BB23 /* Base */ = {isa = PBXFileReference; lastKnownFileType = file.storyboard; name = Base; path = Base.lproj/Main.storyboard; sourceTree = "<group>"; };
		ADE7D158283595FE0093BB23 /* Assets.xcassets */ = {isa = PBXFileReference; lastKnownFileType = folder.assetcatalog; path = Assets.xcassets; sourceTree = "<group>"; };
		ADE7D15B283595FE0093BB23 /* Base */ = {isa = PBXFileReference; lastKnownFileType = file.storyboard; name = Base; path = Base.lproj/LaunchScreen.storyboard; sourceTree = "<group>"; };
		ADE7D15D283595FE0093BB23 /* Info.plist */ = {isa = PBXFileReference; lastKnownFileType = text.plist.xml; path = Info.plist; sourceTree = "<group>"; };
		C485680228656B5B00340AE2 /* GoogleService-Info.plist */ = {isa = PBXFileReference; fileEncoding = 4; lastKnownFileType = text.plist.xml; path = "GoogleService-Info.plist"; sourceTree = "<group>"; };
		C4A0405928384BF40022925F /* RecoveryViewController.swift */ = {isa = PBXFileReference; lastKnownFileType = sourcecode.swift; path = RecoveryViewController.swift; sourceTree = "<group>"; };
		C4C79B572839E75C00CBBB2E /* RegistrarViewController.swift */ = {isa = PBXFileReference; lastKnownFileType = sourcecode.swift; path = RegistrarViewController.swift; sourceTree = "<group>"; };
		C4FF9F9A2866940B0060D55A /* GraciasRegViewController.swift */ = {isa = PBXFileReference; lastKnownFileType = sourcecode.swift; path = GraciasRegViewController.swift; sourceTree = "<group>"; };
/* End PBXFileReference section */

/* Begin PBXFrameworksBuildPhase section */
		ADE7D149283595FD0093BB23 /* Frameworks */ = {
			isa = PBXFrameworksBuildPhase;
			buildActionMask = 2147483647;
			files = (
				AD01B65428667708007559F7 /* FirebaseDatabaseSwift in Frameworks */,
				AD01B65228667708007559F7 /* FirebaseFirestoreSwift in Frameworks */,
				AD01B64C28667708007559F7 /* FirebaseDatabase in Frameworks */,
				AD01B65A28667708007559F7 /* FirebaseFirestoreCombine-Community in Frameworks */,
				AD01B64E28667708007559F7 /* FirebaseStorageCombine-Community in Frameworks */,
				AD01B65628667708007559F7 /* FirebaseStorage in Frameworks */,
				AD01B65028667708007559F7 /* FirebaseAnalytics in Frameworks */,
				AD01B64A28667708007559F7 /* FirebaseFirestore in Frameworks */,
				AD01B65828667708007559F7 /* FirebaseAuth in Frameworks */,
			);
			runOnlyForDeploymentPostprocessing = 0;
		};
/* End PBXFrameworksBuildPhase section */

/* Begin PBXGroup section */
		ADE7D143283595FD0093BB23 = {
			isa = PBXGroup;
			children = (
				ADE7D14E283595FD0093BB23 /* caraLibro */,
				ADE7D14D283595FD0093BB23 /* Products */,
			);
			sourceTree = "<group>";
		};
		ADE7D14D283595FD0093BB23 /* Products */ = {
			isa = PBXGroup;
			children = (
				ADE7D14C283595FD0093BB23 /* caraLibro.app */,
			);
			name = Products;
			sourceTree = "<group>";
		};
		ADE7D14E283595FD0093BB23 /* caraLibro */ = {
			isa = PBXGroup;
			children = (
				ADE7D14F283595FD0093BB23 /* AppDelegate.swift */,
				ADE7D151283595FD0093BB23 /* SceneDelegate.swift */,
				ADE7D155283595FD0093BB23 /* Main.storyboard */,
				ADE7D158283595FE0093BB23 /* Assets.xcassets */,
				ADE7D15A283595FE0093BB23 /* LaunchScreen.storyboard */,
				ADE7D15D283595FE0093BB23 /* Info.plist */,
				C485680228656B5B00340AE2 /* GoogleService-Info.plist */,
				ADB1C5182837182F00AC8A74 /* HomeViewController.swift */,
				ADB1C5152837174C00AC8A74 /* LoginViewController.swift */,
				C4A0405928384BF40022925F /* RecoveryViewController.swift */,
				C4C79B572839E75C00CBBB2E /* RegistrarViewController.swift */,
				C4FF9F9A2866940B0060D55A /* GraciasRegViewController.swift */,
			);
			path = caraLibro;
			sourceTree = "<group>";
		};
/* End PBXGroup section */

/* Begin PBXNativeTarget section */
		ADE7D14B283595FD0093BB23 /* caraLibro */ = {
			isa = PBXNativeTarget;
			buildConfigurationList = ADE7D160283595FE0093BB23 /* Build configuration list for PBXNativeTarget "caraLibro" */;
			buildPhases = (
				ADE7D148283595FD0093BB23 /* Sources */,
				ADE7D149283595FD0093BB23 /* Frameworks */,
				ADE7D14A283595FD0093BB23 /* Resources */,
			);
			buildRules = (
			);
			dependencies = (
			);
			name = caraLibro;
			packageProductDependencies = (
				AD01B64928667708007559F7 /* FirebaseFirestore */,
				AD01B64B28667708007559F7 /* FirebaseDatabase */,
				AD01B64D28667708007559F7 /* FirebaseStorageCombine-Community */,
				AD01B64F28667708007559F7 /* FirebaseAnalytics */,
				AD01B65128667708007559F7 /* FirebaseFirestoreSwift */,
				AD01B65328667708007559F7 /* FirebaseDatabaseSwift */,
				AD01B65528667708007559F7 /* FirebaseStorage */,
				AD01B65728667708007559F7 /* FirebaseAuth */,
				AD01B65928667708007559F7 /* FirebaseFirestoreCombine-Community */,
			);
			productName = caraLibro;
			productReference = ADE7D14C283595FD0093BB23 /* caraLibro.app */;
			productType = "com.apple.product-type.application";
		};
/* End PBXNativeTarget section */

/* Begin PBXProject section */
		ADE7D144283595FD0093BB23 /* Project object */ = {
			isa = PBXProject;
			attributes = {
				LastSwiftUpdateCheck = 1240;
				LastUpgradeCheck = 1240;
				TargetAttributes = {
					ADE7D14B283595FD0093BB23 = {
						CreatedOnToolsVersion = 12.4;
					};
				};
			};
			buildConfigurationList = ADE7D147283595FD0093BB23 /* Build configuration list for PBXProject "caraLibro" */;
			compatibilityVersion = "Xcode 9.3";
			developmentRegion = en;
			hasScannedForEncodings = 0;
			knownRegions = (
				en,
				Base,
			);
			mainGroup = ADE7D143283595FD0093BB23;
			packageReferences = (
				AD01B64828667708007559F7 /* XCRemoteSwiftPackageReference "firebase-ios-sdk" */,
			);
			productRefGroup = ADE7D14D283595FD0093BB23 /* Products */;
			projectDirPath = "";
			projectRoot = "";
			targets = (
				ADE7D14B283595FD0093BB23 /* caraLibro */,
			);
		};
/* End PBXProject section */

/* Begin PBXResourcesBuildPhase section */
		ADE7D14A283595FD0093BB23 /* Resources */ = {
			isa = PBXResourcesBuildPhase;
			buildActionMask = 2147483647;
			files = (
				ADE7D15C283595FE0093BB23 /* LaunchScreen.storyboard in Resources */,
				ADE7D159283595FE0093BB23 /* Assets.xcassets in Resources */,
				ADE7D157283595FD0093BB23 /* Main.storyboard in Resources */,
				C485680328656B5B00340AE2 /* GoogleService-Info.plist in Resources */,
			);
			runOnlyForDeploymentPostprocessing = 0;
		};
/* End PBXResourcesBuildPhase section */

/* Begin PBXSourcesBuildPhase section */
		ADE7D148283595FD0093BB23 /* Sources */ = {
			isa = PBXSourcesBuildPhase;
			buildActionMask = 2147483647;
			files = (
				C4FF9F9B2866940B0060D55A /* GraciasRegViewController.swift in Sources */,
				C4A0405A28384BF40022925F /* RecoveryViewController.swift in Sources */,
				ADB1C5162837174C00AC8A74 /* LoginViewController.swift in Sources */,
				ADE7D150283595FD0093BB23 /* AppDelegate.swift in Sources */,
				ADE7D152283595FD0093BB23 /* SceneDelegate.swift in Sources */,
				C4C79B582839E75C00CBBB2E /* RegistrarViewController.swift in Sources */,
				ADB1C5192837182F00AC8A74 /* HomeViewController.swift in Sources */,
			);
			runOnlyForDeploymentPostprocessing = 0;
		};
/* End PBXSourcesBuildPhase section */

/* Begin PBXVariantGroup section */
		ADE7D155283595FD0093BB23 /* Main.storyboard */ = {
			isa = PBXVariantGroup;
			children = (
				ADE7D156283595FD0093BB23 /* Base */,
			);
			name = Main.storyboard;
			sourceTree = "<group>";
		};
		ADE7D15A283595FE0093BB23 /* LaunchScreen.storyboard */ = {
			isa = PBXVariantGroup;
			children = (
				ADE7D15B283595FE0093BB23 /* Base */,
			);
			name = LaunchScreen.storyboard;
			sourceTree = "<group>";
		};
/* End PBXVariantGroup section */

/* Begin XCBuildConfiguration section */
		ADE7D15E283595FE0093BB23 /* Debug */ = {
			isa = XCBuildConfiguration;
			buildSettings = {
				ALWAYS_SEARCH_USER_PATHS = NO;
				CLANG_ANALYZER_NONNULL = YES;
				CLANG_ANALYZER_NUMBER_OBJECT_CONVERSION = YES_AGGRESSIVE;
				CLANG_CXX_LANGUAGE_STANDARD = "gnu++14";
				CLANG_CXX_LIBRARY = "libc++";
				CLANG_ENABLE_MODULES = YES;
				CLANG_ENABLE_OBJC_ARC = YES;
				CLANG_ENABLE_OBJC_WEAK = YES;
				CLANG_WARN_BLOCK_CAPTURE_AUTORELEASING = YES;
				CLANG_WARN_BOOL_CONVERSION = YES;
				CLANG_WARN_COMMA = YES;
				CLANG_WARN_CONSTANT_CONVERSION = YES;
				CLANG_WARN_DEPRECATED_OBJC_IMPLEMENTATIONS = YES;
				CLANG_WARN_DIRECT_OBJC_ISA_USAGE = YES_ERROR;
				CLANG_WARN_DOCUMENTATION_COMMENTS = YES;
				CLANG_WARN_EMPTY_BODY = YES;
				CLANG_WARN_ENUM_CONVERSION = YES;
				CLANG_WARN_INFINITE_RECURSION = YES;
				CLANG_WARN_INT_CONVERSION = YES;
				CLANG_WARN_NON_LITERAL_NULL_CONVERSION = YES;
				CLANG_WARN_OBJC_IMPLICIT_RETAIN_SELF = YES;
				CLANG_WARN_OBJC_LITERAL_CONVERSION = YES;
				CLANG_WARN_OBJC_ROOT_CLASS = YES_ERROR;
				CLANG_WARN_QUOTED_INCLUDE_IN_FRAMEWORK_HEADER = YES;
				CLANG_WARN_RANGE_LOOP_ANALYSIS = YES;
				CLANG_WARN_STRICT_PROTOTYPES = YES;
				CLANG_WARN_SUSPICIOUS_MOVE = YES;
				CLANG_WARN_UNGUARDED_AVAILABILITY = YES_AGGRESSIVE;
				CLANG_WARN_UNREACHABLE_CODE = YES;
				CLANG_WARN__DUPLICATE_METHOD_MATCH = YES;
				COPY_PHASE_STRIP = NO;
				DEBUG_INFORMATION_FORMAT = dwarf;
				ENABLE_STRICT_OBJC_MSGSEND = YES;
				ENABLE_TESTABILITY = YES;
				GCC_C_LANGUAGE_STANDARD = gnu11;
				GCC_DYNAMIC_NO_PIC = NO;
				GCC_NO_COMMON_BLOCKS = YES;
				GCC_OPTIMIZATION_LEVEL = 0;
				GCC_PREPROCESSOR_DEFINITIONS = (
					"DEBUG=1",
					"$(inherited)",
				);
				GCC_WARN_64_TO_32_BIT_CONVERSION = YES;
				GCC_WARN_ABOUT_RETURN_TYPE = YES_ERROR;
				GCC_WARN_UNDECLARED_SELECTOR = YES;
				GCC_WARN_UNINITIALIZED_AUTOS = YES_AGGRESSIVE;
				GCC_WARN_UNUSED_FUNCTION = YES;
				GCC_WARN_UNUSED_VARIABLE = YES;
				IPHONEOS_DEPLOYMENT_TARGET = 14.4;
				MTL_ENABLE_DEBUG_INFO = INCLUDE_SOURCE;
				MTL_FAST_MATH = YES;
				ONLY_ACTIVE_ARCH = YES;
				SDKROOT = iphoneos;
				SWIFT_ACTIVE_COMPILATION_CONDITIONS = DEBUG;
				SWIFT_OPTIMIZATION_LEVEL = "-Onone";
			};
			name = Debug;
		};
		ADE7D15F283595FE0093BB23 /* Release */ = {
			isa = XCBuildConfiguration;
			buildSettings = {
				ALWAYS_SEARCH_USER_PATHS = NO;
				CLANG_ANALYZER_NONNULL = YES;
				CLANG_ANALYZER_NUMBER_OBJECT_CONVERSION = YES_AGGRESSIVE;
				CLANG_CXX_LANGUAGE_STANDARD = "gnu++14";
				CLANG_CXX_LIBRARY = "libc++";
				CLANG_ENABLE_MODULES = YES;
				CLANG_ENABLE_OBJC_ARC = YES;
				CLANG_ENABLE_OBJC_WEAK = YES;
				CLANG_WARN_BLOCK_CAPTURE_AUTORELEASING = YES;
				CLANG_WARN_BOOL_CONVERSION = YES;
				CLANG_WARN_COMMA = YES;
				CLANG_WARN_CONSTANT_CONVERSION = YES;
				CLANG_WARN_DEPRECATED_OBJC_IMPLEMENTATIONS = YES;
				CLANG_WARN_DIRECT_OBJC_ISA_USAGE = YES_ERROR;
				CLANG_WARN_DOCUMENTATION_COMMENTS = YES;
				CLANG_WARN_EMPTY_BODY = YES;
				CLANG_WARN_ENUM_CONVERSION = YES;
				CLANG_WARN_INFINITE_RECURSION = YES;
				CLANG_WARN_INT_CONVERSION = YES;
				CLANG_WARN_NON_LITERAL_NULL_CONVERSION = YES;
				CLANG_WARN_OBJC_IMPLICIT_RETAIN_SELF = YES;
				CLANG_WARN_OBJC_LITERAL_CONVERSION = YES;
				CLANG_WARN_OBJC_ROOT_CLASS = YES_ERROR;
				CLANG_WARN_QUOTED_INCLUDE_IN_FRAMEWORK_HEADER = YES;
				CLANG_WARN_RANGE_LOOP_ANALYSIS = YES;
				CLANG_WARN_STRICT_PROTOTYPES = YES;
				CLANG_WARN_SUSPICIOUS_MOVE = YES;
				CLANG_WARN_UNGUARDED_AVAILABILITY = YES_AGGRESSIVE;
				CLANG_WARN_UNREACHABLE_CODE = YES;
				CLANG_WARN__DUPLICATE_METHOD_MATCH = YES;
				COPY_PHASE_STRIP = NO;
				DEBUG_INFORMATION_FORMAT = "dwarf-with-dsym";
				ENABLE_NS_ASSERTIONS = NO;
				ENABLE_STRICT_OBJC_MSGSEND = YES;
				GCC_C_LANGUAGE_STANDARD = gnu11;
				GCC_NO_COMMON_BLOCKS = YES;
				GCC_WARN_64_TO_32_BIT_CONVERSION = YES;
				GCC_WARN_ABOUT_RETURN_TYPE = YES_ERROR;
				GCC_WARN_UNDECLARED_SELECTOR = YES;
				GCC_WARN_UNINITIALIZED_AUTOS = YES_AGGRESSIVE;
				GCC_WARN_UNUSED_FUNCTION = YES;
				GCC_WARN_UNUSED_VARIABLE = YES;
				IPHONEOS_DEPLOYMENT_TARGET = 14.4;
				MTL_ENABLE_DEBUG_INFO = NO;
				MTL_FAST_MATH = YES;
				SDKROOT = iphoneos;
				SWIFT_COMPILATION_MODE = wholemodule;
				SWIFT_OPTIMIZATION_LEVEL = "-O";
				VALIDATE_PRODUCT = YES;
			};
			name = Release;
		};
		ADE7D161283595FE0093BB23 /* Debug */ = {
			isa = XCBuildConfiguration;
			buildSettings = {
				ASSETCATALOG_COMPILER_APPICON_NAME = AppIcon;
				ASSETCATALOG_COMPILER_GLOBAL_ACCENT_COLOR_NAME = AccentColor;
				CODE_SIGN_STYLE = Automatic;
				INFOPLIST_FILE = caraLibro/Info.plist;
				LD_RUNPATH_SEARCH_PATHS = (
					"$(inherited)",
					"@executable_path/Frameworks",
				);
				PRODUCT_BUNDLE_IDENTIFIER = com.isil.caraLibro;
				PRODUCT_NAME = "$(TARGET_NAME)";
				SWIFT_VERSION = 5.0;
				TARGETED_DEVICE_FAMILY = "1,2";
			};
			name = Debug;
		};
		ADE7D162283595FE0093BB23 /* Release */ = {
			isa = XCBuildConfiguration;
			buildSettings = {
				ASSETCATALOG_COMPILER_APPICON_NAME = AppIcon;
				ASSETCATALOG_COMPILER_GLOBAL_ACCENT_COLOR_NAME = AccentColor;
				CODE_SIGN_STYLE = Automatic;
				INFOPLIST_FILE = caraLibro/Info.plist;
				LD_RUNPATH_SEARCH_PATHS = (
					"$(inherited)",
					"@executable_path/Frameworks",
				);
				PRODUCT_BUNDLE_IDENTIFIER = com.isil.caraLibro;
				PRODUCT_NAME = "$(TARGET_NAME)";
				SWIFT_VERSION = 5.0;
				TARGETED_DEVICE_FAMILY = "1,2";
			};
			name = Release;
		};
/* End XCBuildConfiguration section */

/* Begin XCConfigurationList section */
		ADE7D147283595FD0093BB23 /* Build configuration list for PBXProject "caraLibro" */ = {
			isa = XCConfigurationList;
			buildConfigurations = (
				ADE7D15E283595FE0093BB23 /* Debug */,
				ADE7D15F283595FE0093BB23 /* Release */,
			);
			defaultConfigurationIsVisible = 0;
			defaultConfigurationName = Release;
		};
		ADE7D160283595FE0093BB23 /* Build configuration list for PBXNativeTarget "caraLibro" */ = {
			isa = XCConfigurationList;
			buildConfigurations = (
				ADE7D161283595FE0093BB23 /* Debug */,
				ADE7D162283595FE0093BB23 /* Release */,
			);
			defaultConfigurationIsVisible = 0;
			defaultConfigurationName = Release;
		};
/* End XCConfigurationList section */

/* Begin XCRemoteSwiftPackageReference section */
		AD01B64828667708007559F7 /* XCRemoteSwiftPackageReference "firebase-ios-sdk" */ = {
			isa = XCRemoteSwiftPackageReference;
			repositoryURL = "https://github.com/firebase/firebase-ios-sdk";
			requirement = {
				kind = upToNextMajorVersion;
				minimumVersion = 9.2.0;
			};
		};
/* End XCRemoteSwiftPackageReference section */

/* Begin XCSwiftPackageProductDependency section */
		AD01B64928667708007559F7 /* FirebaseFirestore */ = {
			isa = XCSwiftPackageProductDependency;
			package = AD01B64828667708007559F7 /* XCRemoteSwiftPackageReference "firebase-ios-sdk" */;
			productName = FirebaseFirestore;
		};
		AD01B64B28667708007559F7 /* FirebaseDatabase */ = {
			isa = XCSwiftPackageProductDependency;
			package = AD01B64828667708007559F7 /* XCRemoteSwiftPackageReference "firebase-ios-sdk" */;
			productName = FirebaseDatabase;
		};
		AD01B64D28667708007559F7 /* FirebaseStorageCombine-Community */ = {
			isa = XCSwiftPackageProductDependency;
			package = AD01B64828667708007559F7 /* XCRemoteSwiftPackageReference "firebase-ios-sdk" */;
			productName = "FirebaseStorageCombine-Community";
		};
		AD01B64F28667708007559F7 /* FirebaseAnalytics */ = {
			isa = XCSwiftPackageProductDependency;
			package = AD01B64828667708007559F7 /* XCRemoteSwiftPackageReference "firebase-ios-sdk" */;
			productName = FirebaseAnalytics;
		};
		AD01B65128667708007559F7 /* FirebaseFirestoreSwift */ = {
			isa = XCSwiftPackageProductDependency;
			package = AD01B64828667708007559F7 /* XCRemoteSwiftPackageReference "firebase-ios-sdk" */;
			productName = FirebaseFirestoreSwift;
		};
		AD01B65328667708007559F7 /* FirebaseDatabaseSwift */ = {
			isa = XCSwiftPackageProductDependency;
			package = AD01B64828667708007559F7 /* XCRemoteSwiftPackageReference "firebase-ios-sdk" */;
			productName = FirebaseDatabaseSwift;
		};
		AD01B65528667708007559F7 /* FirebaseStorage */ = {
			isa = XCSwiftPackageProductDependency;
			package = AD01B64828667708007559F7 /* XCRemoteSwiftPackageReference "firebase-ios-sdk" */;
			productName = FirebaseStorage;
		};
		AD01B65728667708007559F7 /* FirebaseAuth */ = {
			isa = XCSwiftPackageProductDependency;
			package = AD01B64828667708007559F7 /* XCRemoteSwiftPackageReference "firebase-ios-sdk" */;
			productName = FirebaseAuth;
		};
		AD01B65928667708007559F7 /* FirebaseFirestoreCombine-Community */ = {
			isa = XCSwiftPackageProductDependency;
			package = AD01B64828667708007559F7 /* XCRemoteSwiftPackageReference "firebase-ios-sdk" */;
			productName = "FirebaseFirestoreCombine-Community";
		};
/* End XCSwiftPackageProductDependency section */
	};
	rootObject = ADE7D144283595FD0093BB23 /* Project object */;
}
